{
  "requires": true,
  "lockfileVersion": 1,
  "dependencies": {
    "angular-highlight-js": {
      "version": "2.0.1",
      "resolved": "https://registry.npmjs.org/angular-highlight-js/-/angular-highlight-js-2.0.1.tgz",
      "integrity": "sha512-DZSPnIE+Zps1FUSCe2e7rFhyeZBABK42rsf+veg4TKMW61PoVZpoti6C2BgEK2ArlFaleQp0RgVrl/P3sbWhXQ=="
    },
    "highlight.js": {
      "version": "10.7.2",
      "resolved": "https://registry.npmjs.org/highlight.js/-/highlight.js-10.7.2.tgz",
      "integrity": "sha512-oFLl873u4usRM9K63j4ME9u3etNF0PLiJhSQ8rdfuL51Wn3zkD6drf9ZW0dOzjnZI22YYG24z30JcmfCZjMgYg=="
    },
    "highlightjs-line-numbers.js": {
      "version": "2.8.0",
      "resolved": "https://registry.npmjs.org/highlightjs-line-numbers.js/-/highlightjs-line-numbers.js-2.8.0.tgz",
      "integrity": "sha512-TEf1gw0c8mb8nan0QwliqS7obT4cpUd9hzsGzsZLweteNnWea/VIqy5/aQqsa5wnz9lnvmtAkS1ZtDTjB/goYQ=="
    },
    "ngx-highlight-js": {
      "version": "11.1.0",
      "resolved": "https://registry.npmjs.org/ngx-highlight-js/-/ngx-highlight-js-11.1.0.tgz",
      "integrity": "sha512-/EKyHnB9VLGUmnchL/i1EzmY/J0fG7e4acmLlVbodCc8dxc5Qk1LP1NsIqZRja0hTWoKdZ75fuIDXuhzPGQmXw==",
      "requires": {
        "tslib": "^2.0.0"
      }
    },
    "ngx-highlightjs": {
      "version": "4.1.3",
      "resolved": "https://registry.npmjs.org/ngx-highlightjs/-/ngx-highlightjs-4.1.3.tgz",
      "integrity": "sha512-4pVQ4EXNDjIes7u93iX5Seyzg7dZXLdw6eAMLEQnYZ/2n1s8Wb9SHS3v2dCiO1VjpVFnfWsHzKwNxgzWbIinqg==",
      "requires": {
        "highlight.js": "*",
        "highlightjs-line-numbers.js": "*",
        "tslib": "^2.0.0"
      }
    },
    "tslib": {
      "version": "2.2.0",
      "resolved": "https://registry.npmjs.org/tslib/-/tslib-2.2.0.tgz",
      "integrity": "sha512-gS9GVHRU+RGn5KQM2rllAlR3dU6m7AcpJKdtH8gFvQiC4Otgk98XnmMU+nZenHt/+VhnBPWwgrJsyrdcw6i23w=="
    }
  }
}
